
Microsoft Visual Studio Solution File, Format Version 12.00
# Visual Studio Version 17
VisualStudioVersion = 17.7.34024.191
MinimumVisualStudioVersion = 10.0.40219.1
Project("{9A19103F-16F7-4668-BE54-9A1E7A4F7556}") = "ApiToExcel", "ApiToExcel\ApiToExcel.csproj", "{C461A5EF-1CF2-402B-814F-4B0F2FEFAD2F}"
EndProject
Global
	GlobalSection(SolutionConfigurationPlatforms) = preSolution
		Debug|Any CPU = Debug|Any CPU
		Release|Any CPU = Release|Any CPU
	EndGlobalSection
	GlobalSection(ProjectConfigurationPlatforms) = postSolution
		{C461A5EF-1CF2-402B-814F-4B0F2FEFAD2F}.Debug|Any CPU.ActiveCfg = Debug|Any CPU
		{C461A5EF-1CF2-402B-814F-4B0F2FEFAD2F}.Debug|Any CPU.Build.0 = Debug|Any CPU
		{C461A5EF-1CF2-402B-814F-4B0F2FEFAD2F}.Release|Any CPU.ActiveCfg = Release|Any CPU
		{C461A5EF-1CF2-402B-814F-4B0F2FEFAD2F}.Release|Any CPU.Build.0 = Release|Any CPU
	EndGlobalSection
	GlobalSection(SolutionProperties) = preSolution
		HideSolutionNode = FALSE
	EndGlobalSection
	GlobalSection(ExtensibilityGlobals) = postSolution
		SolutionGuid = {26D60711-664E-459A-ADF5-E0500A2C8A5E}
	EndGlobalSection
EndGlobal
